
Microsoft Visual Studio Solution File, Format Version 12.00
Project("{FAE04EC0-301F-11D3-BF4B-00C04F79EFBC}") = "RedHorizon1", "RedHorizon1\RedHorizon1.csproj", "{733F9868-A8AD-43F8-A360-D5A3CFA0DCED}"
EndProject
Global
	GlobalSection(SolutionConfigurationPlatforms) = preSolution
		Debug|Any CPU = Debug|Any CPU
		Release|Any CPU = Release|Any CPU
	EndGlobalSection
	GlobalSection(ProjectConfigurationPlatforms) = postSolution
		{733F9868-A8AD-43F8-A360-D5A3CFA0DCED}.Debug|Any CPU.ActiveCfg = Debug|Any CPU
		{733F9868-A8AD-43F8-A360-D5A3CFA0DCED}.Debug|Any CPU.Build.0 = Debug|Any CPU
		{733F9868-A8AD-43F8-A360-D5A3CFA0DCED}.Release|Any CPU.ActiveCfg = Release|Any CPU
		{733F9868-A8AD-43F8-A360-D5A3CFA0DCED}.Release|Any CPU.Build.0 = Release|Any CPU
	EndGlobalSection
EndGlobal
